#MicroXplorer Configuration settings - do not modify
ADC1.Channel-0\#ChannelRegularConversion=ADC_CHANNEL_1
ADC1.Channel-1\#ChannelRegularConversion=ADC_CHANNEL_2
ADC1.Channel-2\#ChannelRegularConversion=ADC_CHANNEL_TEMPSENSOR
ADC1.IPParameters=Rank-0\#ChannelRegularConversion,Channel-0\#ChannelRegularConversion,SamplingTime-0\#ChannelRegularConversion,NbrOfConversionFlag,Rank-1\#ChannelRegularConversion,Channel-1\#ChannelRegularConversion,SamplingTime-1\#ChannelRegularConversion,Rank-2\#ChannelRegularConversion,Channel-2\#ChannelRegularConversion,SamplingTime-2\#ChannelRegularConversion,NbrOfConversion,master
ADC1.NbrOfConversion=3
ADC1.NbrOfConversionFlag=1
ADC1.Rank-0\#ChannelRegularConversion=1
ADC1.Rank-1\#ChannelRegularConversion=2
ADC1.Rank-2\#ChannelRegularConversion=3
ADC1.SamplingTime-0\#ChannelRegularConversion=ADC_SAMPLETIME_239CYCLES_5
ADC1.SamplingTime-1\#ChannelRegularConversion=ADC_SAMPLETIME_239CYCLES_5
ADC1.SamplingTime-2\#ChannelRegularConversion=ADC_SAMPLETIME_239CYCLES_5
ADC1.master=1
CAN1.ABOM=ENABLE
CAN1.AWUM=ENABLE
CAN1.BS1=CAN_BS1_13TQ
CAN1.BS2=CAN_BS2_2TQ
CAN1.CalculateBaudRate=250000
CAN1.CalculateTimeBit=4000
CAN1.CalculateTimeQuantum=250.0
CAN1.IPParameters=Prescaler,BS1,BS2,SJW,TTCM,ABOM,AWUM,NART,RFLM,TXFP,Mode,CalculateTimeQuantum,CalculateTimeBit,CalculateBaudRate
CAN1.Mode=CAN_MODE_NORMAL
CAN1.NART=ENABLE
CAN1.Prescaler=9
CAN1.RFLM=DISABLE
CAN1.SJW=CAN_SJW_1TQ
CAN1.TTCM=DISABLE
CAN1.TXFP=ENABLE
Dma.ADC1.2.Direction=DMA_PERIPH_TO_MEMORY
Dma.ADC1.2.Instance=DMA1_Channel1
Dma.ADC1.2.MemDataAlignment=DMA_MDATAALIGN_HALFWORD
Dma.ADC1.2.MemInc=DMA_MINC_ENABLE
Dma.ADC1.2.Mode=DMA_NORMAL
Dma.ADC1.2.PeriphDataAlignment=DMA_PDATAALIGN_HALFWORD
Dma.ADC1.2.PeriphInc=DMA_PINC_DISABLE
Dma.ADC1.2.Priority=DMA_PRIORITY_LOW
Dma.ADC1.2.RequestParameters=Instance,Direction,PeriphInc,MemInc,PeriphDataAlignment,MemDataAlignment,Mode,Priority
Dma.I2C1_RX.1.Direction=DMA_PERIPH_TO_MEMORY
Dma.I2C1_RX.1.Instance=DMA1_Channel7
Dma.I2C1_RX.1.MemDataAlignment=DMA_MDATAALIGN_BYTE
Dma.I2C1_RX.1.MemInc=DMA_MINC_ENABLE
Dma.I2C1_RX.1.Mode=DMA_NORMAL
Dma.I2C1_RX.1.PeriphDataAlignment=DMA_PDATAALIGN_BYTE
Dma.I2C1_RX.1.PeriphInc=DMA_PINC_DISABLE
Dma.I2C1_RX.1.Priority=DMA_PRIORITY_LOW
Dma.I2C1_RX.1.RequestParameters=Instance,Direction,PeriphInc,MemInc,PeriphDataAlignment,MemDataAlignment,Mode,Priority
Dma.I2C1_TX.0.Direction=DMA_MEMORY_TO_PERIPH
Dma.I2C1_TX.0.Instance=DMA1_Channel6
Dma.I2C1_TX.0.MemDataAlignment=DMA_MDATAALIGN_BYTE
Dma.I2C1_TX.0.MemInc=DMA_MINC_ENABLE
Dma.I2C1_TX.0.Mode=DMA_NORMAL
Dma.I2C1_TX.0.PeriphDataAlignment=DMA_PDATAALIGN_BYTE
Dma.I2C1_TX.0.PeriphInc=DMA_PINC_DISABLE
Dma.I2C1_TX.0.Priority=DMA_PRIORITY_LOW
Dma.I2C1_TX.0.RequestParameters=Instance,Direction,PeriphInc,MemInc,PeriphDataAlignment,MemDataAlignment,Mode,Priority
Dma.Request0=I2C1_TX
Dma.Request1=I2C1_RX
Dma.Request2=ADC1
Dma.Request3=USART3_RX
Dma.Request4=USART3_TX
Dma.RequestsNb=5
Dma.USART3_RX.3.Direction=DMA_PERIPH_TO_MEMORY
Dma.USART3_RX.3.Instance=DMA1_Channel3
Dma.USART3_RX.3.MemDataAlignment=DMA_MDATAALIGN_BYTE
Dma.USART3_RX.3.MemInc=DMA_MINC_ENABLE
Dma.USART3_RX.3.Mode=DMA_NORMAL
Dma.USART3_RX.3.PeriphDataAlignment=DMA_PDATAALIGN_BYTE
Dma.USART3_RX.3.PeriphInc=DMA_PINC_DISABLE
Dma.USART3_RX.3.Priority=DMA_PRIORITY_LOW
Dma.USART3_RX.3.RequestParameters=Instance,Direction,PeriphInc,MemInc,PeriphDataAlignment,MemDataAlignment,Mode,Priority
Dma.USART3_TX.4.Direction=DMA_MEMORY_TO_PERIPH
Dma.USART3_TX.4.Instance=DMA1_Channel2
Dma.USART3_TX.4.MemDataAlignment=DMA_MDATAALIGN_BYTE
Dma.USART3_TX.4.MemInc=DMA_MINC_ENABLE
Dma.USART3_TX.4.Mode=DMA_NORMAL
Dma.USART3_TX.4.PeriphDataAlignment=DMA_PDATAALIGN_BYTE
Dma.USART3_TX.4.PeriphInc=DMA_PINC_DISABLE
Dma.USART3_TX.4.Priority=DMA_PRIORITY_LOW
Dma.USART3_TX.4.RequestParameters=Instance,Direction,PeriphInc,MemInc,PeriphDataAlignment,MemDataAlignment,Mode,Priority
File.Version=6
GPIO.groupedBy=Group By Peripherals
I2C1.AddressingMode=I2C_ADDRESSINGMODE_7BIT
I2C1.ClockSpeed=400000
I2C1.DualAddressMode=I2C_DUALADDRESS_DISABLE
I2C1.DutyCycle=I2C_DUTYCYCLE_2
I2C1.GeneralCallMode=I2C_GENERALCALL_DISABLE
I2C1.I2C_Mode=I2C_Fast
I2C1.IPParameters=I2C_Mode,ClockSpeed,DutyCycle,NoStretchMode,AddressingMode,DualAddressMode,OwnAddress,GeneralCallMode
I2C1.NoStretchMode=I2C_NOSTRETCH_DISABLE
I2C1.OwnAddress=0
I2C2.AddressingMode=I2C_ADDRESSINGMODE_7BIT
I2C2.ClockSpeed=100000
I2C2.DualAddressMode=I2C_DUALADDRESS_DISABLE
I2C2.GeneralCallMode=I2C_GENERALCALL_DISABLE
I2C2.I2C_Mode=I2C_Standard
I2C2.IPParameters=I2C_Mode,ClockSpeed,NoStretchMode,AddressingMode,DualAddressMode,OwnAddress,GeneralCallMode
I2C2.NoStretchMode=I2C_NOSTRETCH_DISABLE
I2C2.OwnAddress=0
KeepUserPlacement=false
Mcu.CPN=STM32F105RCT6
Mcu.Family=STM32F1
Mcu.IP0=ADC1
Mcu.IP1=CAN1
Mcu.IP10=SPI2
Mcu.IP11=SYS
Mcu.IP12=TIM1
Mcu.IP13=TIM3
Mcu.IP14=TIM6
Mcu.IP15=TIM7
Mcu.IP16=USART3
Mcu.IP17=USB_DEVICE
Mcu.IP18=USB_OTG_FS
Mcu.IP2=CRC
Mcu.IP3=DMA
Mcu.IP4=I2C1
Mcu.IP5=I2C2
Mcu.IP6=NVIC
Mcu.IP7=RCC
Mcu.IP8=RTC
Mcu.IP9=SPI1
Mcu.IPNb=19
Mcu.Name=STM32F105R(8-B-C)Tx
Mcu.Package=LQFP64
Mcu.Pin0=PC13-TAMPER-RTC
Mcu.Pin1=PC14-OSC32_IN
Mcu.Pin10=PA2
Mcu.Pin11=PA3
Mcu.Pin12=PA4
Mcu.Pin13=PA5
Mcu.Pin14=PA6
Mcu.Pin15=PA7
Mcu.Pin16=PC4
Mcu.Pin17=PC5
Mcu.Pin18=PB1
Mcu.Pin19=PB10
Mcu.Pin2=PC15-OSC32_OUT
Mcu.Pin20=PB11
Mcu.Pin21=PB12
Mcu.Pin22=PB13
Mcu.Pin23=PB14
Mcu.Pin24=PB15
Mcu.Pin25=PC8
Mcu.Pin26=PC9
Mcu.Pin27=PA9
Mcu.Pin28=PA10
Mcu.Pin29=PA11
Mcu.Pin3=PD0-OSC_IN
Mcu.Pin30=PA12
Mcu.Pin31=PA13
Mcu.Pin32=PA14
Mcu.Pin33=PA15
Mcu.Pin34=PC10
Mcu.Pin35=PC11
Mcu.Pin36=PC12
Mcu.Pin37=PD2
Mcu.Pin38=PB3
Mcu.Pin39=PB6
Mcu.Pin4=PD1-OSC_OUT
Mcu.Pin40=PB7
Mcu.Pin41=PB8
Mcu.Pin42=PB9
Mcu.Pin43=VP_ADC1_TempSens_Input
Mcu.Pin44=VP_CRC_VS_CRC
Mcu.Pin45=VP_RTC_VS_RTC_Activate
Mcu.Pin46=VP_RTC_VS_RTC_Calendar
Mcu.Pin47=VP_SYS_VS_Systick
Mcu.Pin48=VP_TIM1_VS_ClockSourceINT
Mcu.Pin49=VP_TIM1_VS_no_output1
Mcu.Pin5=PC0
Mcu.Pin50=VP_TIM1_VS_no_output2
Mcu.Pin51=VP_TIM1_VS_no_output3
Mcu.Pin52=VP_TIM1_VS_no_output4
Mcu.Pin53=VP_TIM3_VS_ClockSourceINT
Mcu.Pin54=VP_TIM6_VS_ClockSourceINT
Mcu.Pin55=VP_TIM7_VS_ClockSourceINT
Mcu.Pin56=VP_USB_DEVICE_VS_USB_DEVICE_CDC_FS
Mcu.Pin57=VP_STMicroelectronics.X-CUBE-BLE2_VS_WirelessJjBlueNRGAa2_3.2.2
Mcu.Pin6=PC1
Mcu.Pin7=PC2
Mcu.Pin8=PA0-WKUP
Mcu.Pin9=PA1
Mcu.PinsNb=58
Mcu.ThirdParty0=STMicroelectronics.X-CUBE-BLE2.3.2.2
Mcu.ThirdPartyNb=1
Mcu.UserConstants=
Mcu.UserName=STM32F105RCTx
MxCube.Version=6.5.0
MxDb.Version=DB.6.0.50
NVIC.BusFault_IRQn=true\:0\:0\:false\:false\:true\:true\:false\:true
NVIC.CAN1_RX0_IRQn=true\:3\:0\:true\:false\:true\:true\:true\:true
NVIC.CAN1_TX_IRQn=true\:1\:0\:true\:false\:true\:true\:true\:true
NVIC.DMA1_Channel1_IRQn=true\:4\:0\:true\:false\:true\:false\:true\:true
NVIC.DMA1_Channel2_IRQn=true\:4\:0\:true\:false\:true\:false\:true\:true
NVIC.DMA1_Channel3_IRQn=true\:4\:0\:true\:false\:true\:false\:true\:true
NVIC.DMA1_Channel6_IRQn=true\:2\:0\:true\:false\:true\:false\:true\:true
NVIC.DMA1_Channel7_IRQn=true\:2\:0\:true\:false\:true\:false\:true\:true
NVIC.DebugMonitor_IRQn=true\:0\:0\:false\:false\:true\:true\:false\:true
NVIC.EXTI0_IRQn=true\:15\:0\:true\:false\:true\:true\:true\:true
NVIC.EXTI2_IRQn=true\:3\:0\:true\:false\:true\:true\:true\:true
NVIC.EXTI4_IRQn=true\:3\:0\:true\:false\:true\:true\:true\:true
NVIC.ForceEnableDMAVector=true
NVIC.HardFault_IRQn=true\:0\:0\:false\:false\:true\:true\:false\:true
NVIC.I2C1_EV_IRQn=true\:2\:0\:true\:false\:true\:true\:true\:true
NVIC.MemoryManagement_IRQn=true\:0\:0\:false\:false\:true\:true\:false\:true
NVIC.NonMaskableInt_IRQn=true\:0\:0\:false\:false\:true\:true\:false\:true
NVIC.OTG_FS_IRQn=true\:1\:0\:true\:false\:true\:true\:true\:true
NVIC.PendSV_IRQn=true\:0\:0\:false\:false\:true\:true\:false\:true
NVIC.PriorityGroup=NVIC_PRIORITYGROUP_4
NVIC.RCC_IRQn=true\:1\:0\:true\:false\:true\:true\:false\:true
NVIC.RTC_IRQn=true\:7\:0\:true\:false\:true\:true\:true\:true
NVIC.SVCall_IRQn=true\:0\:0\:false\:false\:true\:true\:false\:true
NVIC.SysTick_IRQn=true\:0\:0\:true\:false\:true\:true\:true\:true
NVIC.TIM1_CC_IRQn=true\:2\:0\:true\:false\:true\:true\:true\:true
NVIC.TIM3_IRQn=true\:5\:0\:true\:false\:true\:true\:true\:true
NVIC.TIM6_IRQn=true\:5\:0\:true\:false\:true\:true\:true\:true
NVIC.TIM7_IRQn=true\:5\:0\:true\:false\:true\:true\:true\:true
NVIC.USART3_IRQn=true\:4\:0\:true\:false\:true\:true\:true\:true
NVIC.UsageFault_IRQn=true\:0\:0\:false\:false\:true\:true\:false\:true
PA0-WKUP.GPIOParameters=GPIO_Label,GPIO_ModeDefaultEXTI
PA0-WKUP.GPIO_Label=BUTTON
PA0-WKUP.GPIO_ModeDefaultEXTI=GPIO_MODE_IT_RISING_FALLING
PA0-WKUP.Locked=true
PA0-WKUP.Signal=GPXTI0
PA1.GPIOParameters=GPIO_Label
PA1.GPIO_Label=ADC1_IN1
PA1.Locked=true
PA1.Signal=ADCx_IN1
PA10.GPIOParameters=GPIO_Speed,GPIO_Label
PA10.GPIO_Label=SEL_2
PA10.GPIO_Speed=GPIO_SPEED_FREQ_HIGH
PA10.Locked=true
PA10.Signal=GPIO_Output
PA11.Locked=true
PA11.Mode=Device_Only
PA11.Signal=USB_OTG_FS_DM
PA12.Locked=true
PA12.Mode=Device_Only
PA12.Signal=USB_OTG_FS_DP
PA13.Locked=true
PA13.Mode=JTAG_4_pins
PA13.Signal=SYS_JTMS-SWDIO
PA14.Locked=true
PA14.Mode=JTAG_4_pins
PA14.Signal=SYS_JTCK-SWCLK
PA15.Locked=true
PA15.Mode=JTAG_4_pins
PA15.Signal=SYS_JTDI
PA2.GPIOParameters=GPIO_Label
PA2.GPIO_Label=ADC1_IN2
PA2.Locked=true
PA2.Signal=ADCx_IN2
PA3.GPIOParameters=GPIO_Label
PA3.GPIO_Label=ADC1_IN3
PA3.Locked=true
PA3.Signal=ADCx_IN3
PA4.GPIOParameters=GPIO_Speed,PinState,GPIO_Label
PA4.GPIO_Label=SPI1_NSS
PA4.GPIO_Speed=GPIO_SPEED_FREQ_HIGH
PA4.Locked=true
PA4.PinState=GPIO_PIN_SET
PA4.Signal=GPIO_Output
PA5.GPIOParameters=GPIO_Label
PA5.GPIO_Label=SPI1_SCK
PA5.Locked=true
PA5.Mode=Full_Duplex_Master
PA5.Signal=SPI1_SCK
PA6.GPIOParameters=GPIO_Label
PA6.GPIO_Label=SPI1_MISO
PA6.Locked=true
PA6.Mode=Full_Duplex_Master
PA6.Signal=SPI1_MISO
PA7.GPIOParameters=GPIO_Label
PA7.GPIO_Label=SPI1_MOSI
PA7.Locked=true
PA7.Mode=Full_Duplex_Master
PA7.Signal=SPI1_MOSI
PA9.Locked=true
PA9.Mode=Activate_VBUS
PA9.Signal=USB_OTG_FS_VBUS
PB1.GPIOParameters=GPIO_Speed,GPIO_Label
PB1.GPIO_Label=SEL_3
PB1.GPIO_Speed=GPIO_SPEED_FREQ_HIGH
PB1.Locked=true
PB1.Signal=GPIO_Output
PB10.GPIOParameters=GPIO_Label,GPIO_Pu
PB10.GPIO_Label=I2C2_SCL
PB10.GPIO_Pu=GPIO_PULLUP
PB10.Locked=true
PB10.Mode=I2C
PB10.Signal=I2C2_SCL
PB11.GPIOParameters=GPIO_Label,GPIO_Pu
PB11.GPIO_Label=I2C2_SDA
PB11.GPIO_Pu=GPIO_PULLUP
PB11.Locked=true
PB11.Mode=I2C
PB11.Signal=I2C2_SDA
PB12.GPIOParameters=GPIO_Speed,PinState,GPIO_Label
PB12.GPIO_Label=D4_LCD_SPI2_NSS
PB12.GPIO_Speed=GPIO_SPEED_FREQ_HIGH
PB12.Locked=true
PB12.PinState=GPIO_PIN_RESET
PB12.Signal=GPIO_Output
PB13.GPIOParameters=GPIO_Label
PB13.GPIO_Label=D5_LCD_SPI2_SCK
PB13.Locked=true
PB13.Mode=Simplex_Bidirectional_Master
PB13.Signal=SPI2_SCK
PB14.GPIOParameters=GPIO_Speed,GPIO_Label
PB14.GPIO_Label=D6_LCD_SPI2_MISO
PB14.GPIO_Speed=GPIO_SPEED_FREQ_HIGH
PB14.Locked=true
PB14.Signal=GPIO_Output
PB15.GPIOParameters=GPIO_Label
PB15.GPIO_Label=D7_LCD_SPI2_MOSI
PB15.Locked=true
PB15.Mode=Simplex_Bidirectional_Master
PB15.Signal=SPI2_MOSI
PB3.Locked=true
PB3.Mode=JTAG_4_pins
PB3.Signal=SYS_JTDO
PB6.GPIOParameters=GPIO_Label,GPIO_Pu
PB6.GPIO_Label=I2C1_SCL
PB6.GPIO_Pu=GPIO_PULLUP
PB6.Locked=true
PB6.Mode=I2C
PB6.Signal=I2C1_SCL
PB7.GPIOParameters=GPIO_Label,GPIO_Pu
PB7.GPIO_Label=I2C1_SDA
PB7.GPIO_Pu=GPIO_PULLUP
PB7.Locked=true
PB7.Mode=I2C
PB7.Signal=I2C1_SDA
PB8.GPIOParameters=GPIO_PuPd,GPIO_Label
PB8.GPIO_Label=CAN1_RX
PB8.GPIO_PuPd=GPIO_PULLUP
PB8.Locked=true
PB8.Mode=CAN_Activate
PB8.Signal=CAN1_RX
PB9.GPIOParameters=GPIO_Label
PB9.GPIO_Label=CAN1_TX
PB9.Locked=true
PB9.Mode=CAN_Activate
PB9.Signal=CAN1_TX
PC0.GPIOParameters=GPIO_Speed,GPIO_Label
PC0.GPIO_Label=RS_LCD
PC0.GPIO_Speed=GPIO_SPEED_FREQ_HIGH
PC0.Locked=true
PC0.Signal=GPIO_Output
PC1.GPIOParameters=GPIO_Speed,GPIO_Label
PC1.GPIO_Label=SEL_1
PC1.GPIO_Speed=GPIO_SPEED_FREQ_HIGH
PC1.Locked=true
PC1.Signal=GPIO_Output
PC10.GPIOParameters=GPIO_Label
PC10.GPIO_Label=USART3_TX
PC10.Locked=true
PC10.Mode=Asynchronous
PC10.Signal=USART3_TX
PC11.GPIOParameters=GPIO_PuPd,GPIO_Label
PC11.GPIO_Label=USART3_RX
PC11.GPIO_PuPd=GPIO_PULLUP
PC11.Locked=true
PC11.Mode=Asynchronous
PC11.Signal=USART3_RX
PC12.GPIOParameters=GPIO_Speed,PinState,GPIO_PuPd,GPIO_Label,GPIO_ModeDefaultOutputPP
PC12.GPIO_Label=PC_12_LED
PC12.GPIO_ModeDefaultOutputPP=GPIO_MODE_OUTPUT_PP
PC12.GPIO_PuPd=GPIO_NOPULL
PC12.GPIO_Speed=GPIO_SPEED_FREQ_HIGH
PC12.Locked=true
PC12.PinState=GPIO_PIN_RESET
PC12.Signal=GPIO_Output
PC13-TAMPER-RTC.GPIOParameters=GPIO_Speed,GPIO_Label
PC13-TAMPER-RTC.GPIO_Label=CCS811_nWAKE
PC13-TAMPER-RTC.GPIO_Speed=GPIO_SPEED_FREQ_HIGH
PC13-TAMPER-RTC.Locked=true
PC13-TAMPER-RTC.Signal=GPIO_Output
PC14-OSC32_IN.Locked=true
PC14-OSC32_IN.Mode=LSE-External-Oscillator
PC14-OSC32_IN.Signal=RCC_OSC32_IN
PC15-OSC32_OUT.Locked=true
PC15-OSC32_OUT.Mode=LSE-External-Oscillator
PC15-OSC32_OUT.Signal=RCC_OSC32_OUT
PC2.GPIOParameters=GPIO_PuPd,GPIO_Label,GPIO_ModeDefaultEXTI
PC2.GPIO_Label=IO_EXP_INT
PC2.GPIO_ModeDefaultEXTI=GPIO_MODE_IT_FALLING
PC2.GPIO_PuPd=GPIO_PULLUP
PC2.Locked=true
PC2.Signal=GPXTI2
PC4.GPIOParameters=GPIO_PuPd,GPIO_Label
PC4.GPIO_Label=D3_LCD_BLE_INT
PC4.GPIO_PuPd=GPIO_PULLDOWN
PC4.Locked=true
PC4.Signal=GPXTI4
PC5.GPIOParameters=GPIO_Speed,PinState,GPIO_Label
PC5.GPIO_Label=D2_LCD_BLE_CS
PC5.GPIO_Speed=GPIO_SPEED_FREQ_HIGH
PC5.Locked=true
PC5.PinState=GPIO_PIN_SET
PC5.Signal=GPIO_Output
PC8.GPIOParameters=GPIO_Speed,GPIO_Label
PC8.GPIO_Label=SEL_0
PC8.GPIO_Speed=GPIO_SPEED_FREQ_HIGH
PC8.Locked=true
PC8.Signal=GPIO_Output
PC9.GPIOParameters=GPIO_Speed,GPIO_Label
PC9.GPIO_Label=D1_LCD_BLE_RST
PC9.GPIO_Speed=GPIO_SPEED_FREQ_HIGH
PC9.Locked=true
PC9.Signal=GPIO_Output
PD0-OSC_IN.Locked=true
PD0-OSC_IN.Mode=HSE-External-Oscillator
PD0-OSC_IN.Signal=RCC_OSC_IN
PD1-OSC_OUT.Locked=true
PD1-OSC_OUT.Mode=HSE-External-Oscillator
PD1-OSC_OUT.Signal=RCC_OSC_OUT
PD2.GPIOParameters=GPIO_Speed,GPIO_Label
PD2.GPIO_Label=EN_LCD
PD2.GPIO_Speed=GPIO_SPEED_FREQ_HIGH
PD2.Locked=true
PD2.Signal=GPIO_Output
PinOutPanel.RotationAngle=0
ProjectManager.AskForMigrate=true
ProjectManager.BackupPrevious=false
ProjectManager.CompilerOptimize=6
ProjectManager.ComputerToolchain=false
ProjectManager.CoupleFile=true
ProjectManager.CustomerFirmwarePackage=
ProjectManager.DefaultFWLocation=true
ProjectManager.DeletePrevious=true
ProjectManager.DeviceId=STM32F105RCTx
ProjectManager.FirmwarePackage=STM32Cube FW_F1 V1.8.4
ProjectManager.FreePins=true
ProjectManager.HalAssertFull=false
ProjectManager.HeapSize=0x200
ProjectManager.KeepUserCode=true
ProjectManager.LastFirmware=true
ProjectManager.LibraryCopy=0
ProjectManager.MainLocation=Src
ProjectManager.NoMain=false
ProjectManager.PreviousToolchain=SW4STM32
ProjectManager.ProjectBuild=false
ProjectManager.ProjectFileName=F3_BSP.ioc
ProjectManager.ProjectName=F3_BSP
ProjectManager.RegisterCallBack=
ProjectManager.StackSize=0xD00
ProjectManager.TargetToolchain=SW4STM32
ProjectManager.ToolChainLocation=
ProjectManager.UnderRoot=false
ProjectManager.functionlistsort=1-MX_GPIO_Init-GPIO-false-HAL-true,2-MX_DMA_Init-DMA-false-HAL-true,3-SystemClock_Config-RCC-false-HAL-true,4-MX_RTC_Init-RTC-false-HAL-true,5-MX_USB_DEVICE_Init-USB_DEVICE-false-HAL-false,6-MX_CAN1_Init-CAN1-false-HAL-true,7-MX_I2C1_Init-I2C1-false-HAL-true,8-MX_TIM3_Init-TIM3-false-HAL-true,9-MX_TIM1_Init-TIM1-false-HAL-true,10-MX_CRC_Init-CRC-false-HAL-true,11-MX_TIM6_Init-TIM6-false-HAL-true,12-MX_I2C2_Init-I2C2-false-HAL-true,13-MX_SPI2_Init-SPI2-false-HAL-true,14-MX_ADC1_Init-ADC1-false-HAL-true,15-MX_TIM7_Init-TIM7-false-HAL-true,16-MX_USART3_UART_Init-USART3-false-HAL-true
RCC.ADCFreqValue=12000000
RCC.ADCPresc=RCC_ADCPCLK2_DIV6
RCC.AHBFreq_Value=72000000
RCC.APB1CLKDivider=RCC_HCLK_DIV2
RCC.APB1Freq_Value=36000000
RCC.APB1TimFreq_Value=72000000
RCC.APB2Freq_Value=72000000
RCC.APB2TimFreq_Value=72000000
RCC.FCLKCortexFreq_Value=72000000
RCC.FamilyName=M
RCC.HCLKFreq_Value=72000000
RCC.I2S2Freq_Value=72000000
RCC.I2S3Freq_Value=72000000
RCC.IPParameters=ADCFreqValue,ADCPresc,AHBFreq_Value,APB1CLKDivider,APB1Freq_Value,APB1TimFreq_Value,APB2Freq_Value,APB2TimFreq_Value,FCLKCortexFreq_Value,FamilyName,HCLKFreq_Value,I2S2Freq_Value,I2S3Freq_Value,MCOFreq_Value,PLL2CLKoutputFreqValue,PLL2Mul,PLL2VCOoutputFreqValue,PLL3CLKoutputFreqValue,PLL3VCOoutputFreqValue,PLLCLKFreq_Value,PLLMUL,Prediv2,Prediv2FreqValue,RTCClockSelection,RTCFreq_Value,SYSCLKFreq_VALUE,SYSCLKSource,TimSysFreq_Value,USBFreq_Value,VCOOutput2Freq_Value
RCC.MCOFreq_Value=72000000
RCC.PLL2CLKoutputFreqValue=40000000
RCC.PLL2Mul=RCC_PLL2_MUL10
RCC.PLL2VCOoutputFreqValue=80000000
RCC.PLL3CLKoutputFreqValue=32000000
RCC.PLL3VCOoutputFreqValue=64000000
RCC.PLLCLKFreq_Value=72000000
RCC.PLLMUL=RCC_PLL_MUL9
RCC.Prediv2=RCC_HSE_PREDIV2_DIV2
RCC.Prediv2FreqValue=4000000
RCC.RTCClockSelection=RCC_RTCCLKSOURCE_LSE
RCC.RTCFreq_Value=32768
RCC.SYSCLKFreq_VALUE=72000000
RCC.SYSCLKSource=RCC_SYSCLKSOURCE_PLLCLK
RCC.TimSysFreq_Value=72000000
RCC.USBFreq_Value=48000000
RCC.VCOOutput2Freq_Value=8000000
RTC.AutoPrediv=RTC_AUTO_1_SECOND
RTC.Date=1
RTC.Format=RTC_FORMAT_BCD
RTC.Hours=0
RTC.IPParameters=Format,Hours,Minutes,Seconds,WeekDay,Month,Date,Year,OutPut,AutoPrediv
RTC.Minutes=0
RTC.Month=RTC_MONTH_JANUARY
RTC.OutPut=RTC_OUTPUTSOURCE_ALARM
RTC.Seconds=0
RTC.WeekDay=RTC_WEEKDAY_MONDAY
RTC.Year=21
SH.ADCx_IN1.0=ADC1_IN1,IN1
SH.ADCx_IN1.ConfNb=1
SH.ADCx_IN2.0=ADC1_IN2,IN2
SH.ADCx_IN2.ConfNb=1
SH.ADCx_IN3.0=ADC1_IN3,IN3
SH.ADCx_IN3.ConfNb=1
SH.GPXTI0.0=GPIO_EXTI0
SH.GPXTI0.ConfNb=1
SH.GPXTI2.0=GPIO_EXTI2
SH.GPXTI2.ConfNb=1
SH.GPXTI4.0=GPIO_EXTI4
SH.GPXTI4.ConfNb=1
SPI1.BaudRatePrescaler=SPI_BAUDRATEPRESCALER_128
SPI1.CLKPhase=SPI_PHASE_2EDGE
SPI1.CalculateBaudRate=562.5 KBits/s
SPI1.Direction=SPI_DIRECTION_2LINES
SPI1.IPParameters=VirtualType,Mode,Direction,BaudRatePrescaler,CalculateBaudRate,CLKPhase
SPI1.Mode=SPI_MODE_MASTER
SPI1.VirtualType=VM_MASTER
SPI2.BaudRatePrescaler=SPI_BAUDRATEPRESCALER_32
SPI2.CLKPhase=SPI_PHASE_1EDGE
SPI2.CalculateBaudRate=1.125 MBits/s
SPI2.Direction=SPI_DIRECTION_1LINE
SPI2.IPParameters=VirtualType,Mode,Direction,CalculateBaudRate,BaudRatePrescaler,CLKPhase
SPI2.Mode=SPI_MODE_MASTER
SPI2.VirtualType=VM_MASTER
STMicroelectronics.X-CUBE-BLE2.3.2.2.ADV_INTERV_MAX=1600
STMicroelectronics.X-CUBE-BLE2.3.2.2.ADV_INTERV_MIN=1600
STMicroelectronics.X-CUBE-BLE2.3.2.2.BSP.number=4
STMicroelectronics.X-CUBE-BLE2.3.2.2.BlueNRGAa2CcWirelessJjBlueNRGAa2JjController=true
STMicroelectronics.X-CUBE-BLE2.3.2.2.BlueNRGAa2CcWirelessJjBlueNRGAa2JjHCIIiTL=Basic
STMicroelectronics.X-CUBE-BLE2.3.2.2.BlueNRGAa2CcWirelessJjBlueNRGAa2JjHCIIiTLIiINTERFACE=UserBoard
STMicroelectronics.X-CUBE-BLE2.3.2.2.BlueNRGAa2CcWirelessJjBlueNRGAa2JjUtils=true
STMicroelectronics.X-CUBE-BLE2.3.2.2.HCI_READ_PACKET_NUM_MAX=32
STMicroelectronics.X-CUBE-BLE2.3.2.2.IPParameters=HCI_READ_PACKET_NUM_MAX,ADV_INTERV_MIN,ADV_INTERV_MAX,BlueNRGAa2CcWirelessJjBlueNRGAa2JjController,BlueNRGAa2CcWirelessJjBlueNRGAa2JjUtils,BlueNRGAa2CcWirelessJjBlueNRGAa2JjHCIIiTL,BlueNRGAa2CcWirelessJjBlueNRGAa2JjHCIIiTLIiINTERFACE
STMicroelectronics.X-CUBE-BLE2.3.2.2.WirelessJjBlueNRGAa2_Checked=true
STMicroelectronics.X-CUBE-BLE2.3.2.20.BSP.STBoard=false
STMicroelectronics.X-CUBE-BLE2.3.2.20.BSP.api=HAL_EXTI_DRIVER
STMicroelectronics.X-CUBE-BLE2.3.2.20.BSP.component=
STMicroelectronics.X-CUBE-BLE2.3.2.20.BSP.condition=SEMBlueNRGAa2CcWirelessJjBlueNRGAa2JjHCIIiTLIiINTERFACEJjUserBoard
STMicroelectronics.X-CUBE-BLE2.3.2.20.BSP.i2caddr=0
STMicroelectronics.X-CUBE-BLE2.3.2.20.BSP.i2creg=
STMicroelectronics.X-CUBE-BLE2.3.2.20.BSP.instance=PC4
STMicroelectronics.X-CUBE-BLE2.3.2.20.BSP.ip=GPIO
STMicroelectronics.X-CUBE-BLE2.3.2.20.BSP.mode=EXTI
STMicroelectronics.X-CUBE-BLE2.3.2.20.BSP.name=Exti Line
STMicroelectronics.X-CUBE-BLE2.3.2.20.BSP.semaphore=
STMicroelectronics.X-CUBE-BLE2.3.2.20.BSP.solution=PC4
STMicroelectronics.X-CUBE-BLE2.3.2.21.BSP.STBoard=false
STMicroelectronics.X-CUBE-BLE2.3.2.21.BSP.api=BSP_BUS_DRIVER
STMicroelectronics.X-CUBE-BLE2.3.2.21.BSP.component=
STMicroelectronics.X-CUBE-BLE2.3.2.21.BSP.condition=SEMBlueNRGAa2CcWirelessJjBlueNRGAa2JjHCIIiTLIiINTERFACEJjUserBoard
STMicroelectronics.X-CUBE-BLE2.3.2.21.BSP.i2caddr=0
STMicroelectronics.X-CUBE-BLE2.3.2.21.BSP.i2creg=
STMicroelectronics.X-CUBE-BLE2.3.2.21.BSP.instance=SPI1
STMicroelectronics.X-CUBE-BLE2.3.2.21.BSP.ip=SPI
STMicroelectronics.X-CUBE-BLE2.3.2.21.BSP.mode=Full-Duplex Master
STMicroelectronics.X-CUBE-BLE2.3.2.21.BSP.name=BUS IO driver
STMicroelectronics.X-CUBE-BLE2.3.2.21.BSP.semaphore=
STMicroelectronics.X-CUBE-BLE2.3.2.21.BSP.solution=SPI1
STMicroelectronics.X-CUBE-BLE2.3.2.22.BSP.STBoard=false
STMicroelectronics.X-CUBE-BLE2.3.2.22.BSP.api=Unknown
STMicroelectronics.X-CUBE-BLE2.3.2.22.BSP.component=
STMicroelectronics.X-CUBE-BLE2.3.2.22.BSP.condition=SEMBlueNRGAa2CcWirelessJjBlueNRGAa2JjHCIIiTLIiINTERFACEJjUserBoard
STMicroelectronics.X-CUBE-BLE2.3.2.22.BSP.i2caddr=0
STMicroelectronics.X-CUBE-BLE2.3.2.22.BSP.i2creg=
STMicroelectronics.X-CUBE-BLE2.3.2.22.BSP.instance=PC9
STMicroelectronics.X-CUBE-BLE2.3.2.22.BSP.ip=GPIO
STMicroelectronics.X-CUBE-BLE2.3.2.22.BSP.mode=Output
STMicroelectronics.X-CUBE-BLE2.3.2.22.BSP.name=Reset Line
STMicroelectronics.X-CUBE-BLE2.3.2.22.BSP.semaphore=
STMicroelectronics.X-CUBE-BLE2.3.2.22.BSP.solution=PC9
STMicroelectronics.X-CUBE-BLE2.3.2.23.BSP.STBoard=false
STMicroelectronics.X-CUBE-BLE2.3.2.23.BSP.api=Unknown
STMicroelectronics.X-CUBE-BLE2.3.2.23.BSP.component=
STMicroelectronics.X-CUBE-BLE2.3.2.23.BSP.condition=SEMBlueNRGAa2CcWirelessJjBlueNRGAa2JjHCIIiTLIiINTERFACEJjUserBoard
STMicroelectronics.X-CUBE-BLE2.3.2.23.BSP.i2caddr=0
STMicroelectronics.X-CUBE-BLE2.3.2.23.BSP.i2creg=
STMicroelectronics.X-CUBE-BLE2.3.2.23.BSP.instance=PA4
STMicroelectronics.X-CUBE-BLE2.3.2.23.BSP.ip=GPIO
STMicroelectronics.X-CUBE-BLE2.3.2.23.BSP.mode=Output
STMicroelectronics.X-CUBE-BLE2.3.2.23.BSP.name=CS Line
STMicroelectronics.X-CUBE-BLE2.3.2.23.BSP.semaphore=
STMicroelectronics.X-CUBE-BLE2.3.2.23.BSP.solution=PA4
STMicroelectronics.X-CUBE-BLE2.3.2.2_SwParameter=BlueNRGAa2CcWirelessJjBlueNRGAa2JjHCIIiTLIiINTERFACE\:UserBoard;BlueNRGAa2CcWirelessJjBlueNRGAa2JjUtils\:true;BlueNRGAa2CcWirelessJjBlueNRGAa2JjController\:true;BlueNRGAa2CcWirelessJjBlueNRGAa2JjHCIIiTL\:Basic;
TIM1.AutoReloadPreload=TIM_AUTORELOAD_PRELOAD_ENABLE
TIM1.AutomaticOutput=TIM_AUTOMATICOUTPUT_DISABLE
TIM1.BreakPolarity=TIM_BREAKPOLARITY_HIGH
TIM1.BreakState=TIM_BREAK_DISABLE
TIM1.Channel-Output\ Compare1\ No\ Output=TIM_CHANNEL_1
TIM1.Channel-Output\ Compare2\ No\ Output=TIM_CHANNEL_2
TIM1.Channel-Output\ Compare3\ No\ Output=TIM_CHANNEL_3
TIM1.Channel-Output\ Compare4\ No\ Output=TIM_CHANNEL_4
TIM1.ClockDivision=TIM_CLOCKDIVISION_DIV1
TIM1.CounterMode=TIM_COUNTERMODE_UP
TIM1.IPParameters=Prescaler,CounterMode,Period,ClockDivision,RepetitionCounter,AutoReloadPreload,TIM_MasterSlaveMode,TIM_MasterOutputTrigger,BreakState,BreakPolarity,AutomaticOutput,OffStateRunMode,OffStateIDLEMode,LockLevel,OCMode_1,Pulse-Output Compare1 No Output,OC1Preload,OCPolarity_1,OCIdleState_1,OCMode_2,Pulse-Output Compare2 No Output,OC2Preload,OCPolarity_2,OCIdleState_2,OCMode_3,Pulse-Output Compare3 No Output,OC3Preload,OCPolarity_3,OCIdleState_3,OCMode_4,Pulse-Output Compare4 No Output,OC4Preload,OCPolarity_4,OCIdleState_4,Channel-Output Compare1 No Output,Channel-Output Compare2 No Output,Channel-Output Compare3 No Output,Channel-Output Compare4 No Output
TIM1.LockLevel=TIM_LOCKLEVEL_OFF
TIM1.OC1Preload=DISABLE
TIM1.OC2Preload=DISABLE
TIM1.OC3Preload=DISABLE
TIM1.OC4Preload=DISABLE
TIM1.OCIdleState_1=TIM_OCIDLESTATE_RESET
TIM1.OCIdleState_2=TIM_OCIDLESTATE_RESET
TIM1.OCIdleState_3=TIM_OCIDLESTATE_RESET
TIM1.OCIdleState_4=TIM_OCIDLESTATE_RESET
TIM1.OCMode_1=TIM_OCMODE_TIMING
TIM1.OCMode_2=TIM_OCMODE_TIMING
TIM1.OCMode_3=TIM_OCMODE_TIMING
TIM1.OCMode_4=TIM_OCMODE_TIMING
TIM1.OCPolarity_1=TIM_OCPOLARITY_HIGH
TIM1.OCPolarity_2=TIM_OCPOLARITY_HIGH
TIM1.OCPolarity_3=TIM_OCPOLARITY_HIGH
TIM1.OCPolarity_4=TIM_OCPOLARITY_HIGH
TIM1.OffStateIDLEMode=TIM_OSSI_DISABLE
TIM1.OffStateRunMode=TIM_OSSR_DISABLE
TIM1.Period=0xFFFF
TIM1.Prescaler=16799
TIM1.Pulse-Output\ Compare1\ No\ Output=100
TIM1.Pulse-Output\ Compare2\ No\ Output=200
TIM1.Pulse-Output\ Compare3\ No\ Output=625
TIM1.Pulse-Output\ Compare4\ No\ Output=400
TIM1.RepetitionCounter=0
TIM1.TIM_MasterOutputTrigger=TIM_TRGO_RESET
TIM1.TIM_MasterSlaveMode=TIM_MASTERSLAVEMODE_DISABLE
TIM3.AutoReloadPreload=TIM_AUTORELOAD_PRELOAD_ENABLE
TIM3.ClockDivision=TIM_CLOCKDIVISION_DIV1
TIM3.CounterMode=TIM_COUNTERMODE_UP
TIM3.IPParameters=Prescaler,CounterMode,Period,ClockDivision,AutoReloadPreload,TIM_MasterSlaveMode,TIM_MasterOutputTrigger
TIM3.Period=9999
TIM3.Prescaler=36000
TIM3.TIM_MasterOutputTrigger=TIM_TRGO_RESET
TIM3.TIM_MasterSlaveMode=TIM_MASTERSLAVEMODE_DISABLE
TIM6.AutoReloadPreload=TIM_AUTORELOAD_PRELOAD_ENABLE
TIM6.CounterMode=TIM_COUNTERMODE_UP
TIM6.IPParameters=Prescaler,CounterMode,Period,AutoReloadPreload,TIM_MasterOutputTrigger
TIM6.Period=9999
TIM6.Prescaler=36000
TIM6.TIM_MasterOutputTrigger=TIM_TRGO_RESET
TIM7.AutoReloadPreload=TIM_AUTORELOAD_PRELOAD_ENABLE
TIM7.IPParameters=Prescaler,Period,AutoReloadPreload
TIM7.Period=199
TIM7.Prescaler=32000
USART3.IPParameters=VirtualMode
USART3.VirtualMode=VM_ASYNC
USB_DEVICE.CLASS_NAME_FS=CDC
USB_DEVICE.IPParameters=VirtualMode,VirtualModeFS,CLASS_NAME_FS
USB_DEVICE.VirtualMode=Cdc
USB_DEVICE.VirtualModeFS=Cdc_FS
USB_OTG_FS.IPParameters=low_power_enable,vbus_sensing_enable,Sof_enable,VirtualMode
USB_OTG_FS.Sof_enable=DISABLE
USB_OTG_FS.VirtualMode=Device_Only
USB_OTG_FS.low_power_enable=DISABLE
USB_OTG_FS.vbus_sensing_enable=ENABLE
VP_ADC1_TempSens_Input.Mode=IN-TempSens
VP_ADC1_TempSens_Input.Signal=ADC1_TempSens_Input
VP_CRC_VS_CRC.Mode=CRC_Activate
VP_CRC_VS_CRC.Signal=CRC_VS_CRC
VP_RTC_VS_RTC_Activate.Mode=RTC_Enabled
VP_RTC_VS_RTC_Activate.Signal=RTC_VS_RTC_Activate
VP_RTC_VS_RTC_Calendar.Mode=RTC_Calendar
VP_RTC_VS_RTC_Calendar.Signal=RTC_VS_RTC_Calendar
VP_STMicroelectronics.X-CUBE-BLE2_VS_WirelessJjBlueNRGAa2_3.2.2.Mode=WirelessJjBlueNRGAa2
VP_STMicroelectronics.X-CUBE-BLE2_VS_WirelessJjBlueNRGAa2_3.2.2.Signal=STMicroelectronics.X-CUBE-BLE2_VS_WirelessJjBlueNRGAa2_3.2.2
VP_SYS_VS_Systick.Mode=SysTick
VP_SYS_VS_Systick.Signal=SYS_VS_Systick
VP_TIM1_VS_ClockSourceINT.Mode=Internal
VP_TIM1_VS_ClockSourceINT.Signal=TIM1_VS_ClockSourceINT
VP_TIM1_VS_no_output1.Mode=Output Compare1 No Output
VP_TIM1_VS_no_output1.Signal=TIM1_VS_no_output1
VP_TIM1_VS_no_output2.Mode=Output Compare2 No Output
VP_TIM1_VS_no_output2.Signal=TIM1_VS_no_output2
VP_TIM1_VS_no_output3.Mode=Output Compare3 No Output
VP_TIM1_VS_no_output3.Signal=TIM1_VS_no_output3
VP_TIM1_VS_no_output4.Mode=Output Compare4 No Output
VP_TIM1_VS_no_output4.Signal=TIM1_VS_no_output4
VP_TIM3_VS_ClockSourceINT.Mode=Internal
VP_TIM3_VS_ClockSourceINT.Signal=TIM3_VS_ClockSourceINT
VP_TIM6_VS_ClockSourceINT.Mode=Enable_Timer
VP_TIM6_VS_ClockSourceINT.Signal=TIM6_VS_ClockSourceINT
VP_TIM7_VS_ClockSourceINT.Mode=Enable_Timer
VP_TIM7_VS_ClockSourceINT.Signal=TIM7_VS_ClockSourceINT
VP_USB_DEVICE_VS_USB_DEVICE_CDC_FS.Mode=CDC_FS
VP_USB_DEVICE_VS_USB_DEVICE_CDC_FS.Signal=USB_DEVICE_VS_USB_DEVICE_CDC_FS
board=F4_BSP
